
Microsoft Visual Studio Solution File, Format Version 12.00
# Visual Studio Version 17
VisualStudioVersion = 17.13.35919.96
MinimumVisualStudioVersion = 10.0.40219.1
Project("{FAE04EC0-301F-11D3-BF4B-00C04F79EFBC}") = "FUEN42Team3.Backend", "FUEN42Team3.Backend\FUEN42Team3.Backend.csproj", "{9567DE0D-330E-479D-9D72-7B17ACF7DBD3}"
EndProject
Project("{FAE04EC0-301F-11D3-BF4B-00C04F79EFBC}") = "FUEN42Team3.Security", "FUEN42Team3.Security\FUEN42Team3.Security.csproj", "{EC9E7E93-9D4D-45DD-88C2-BB899C3A82E6}"
EndProject
Project("{FAE04EC0-301F-11D3-BF4B-00C04F79EFBC}") = "FUEN42Team3.Frontend.WebApi", "FUEN42Team3.Frontend.WebApi\FUEN42Team3.Frontend.WebApi.csproj", "{47B36BC4-A793-47E5-9111-AD89BB078AE9}"
EndProject
Global
	GlobalSection(SolutionConfigurationPlatforms) = preSolution
		Debug|Any CPU = Debug|Any CPU
		Release|Any CPU = Release|Any CPU
	EndGlobalSection
	GlobalSection(ProjectConfigurationPlatforms) = postSolution
		{9567DE0D-330E-479D-9D72-7B17ACF7DBD3}.Debug|Any CPU.ActiveCfg = Debug|Any CPU
		{9567DE0D-330E-479D-9D72-7B17ACF7DBD3}.Debug|Any CPU.Build.0 = Debug|Any CPU
		{9567DE0D-330E-479D-9D72-7B17ACF7DBD3}.Release|Any CPU.ActiveCfg = Release|Any CPU
		{9567DE0D-330E-479D-9D72-7B17ACF7DBD3}.Release|Any CPU.Build.0 = Release|Any CPU
		{EC9E7E93-9D4D-45DD-88C2-BB899C3A82E6}.Debug|Any CPU.ActiveCfg = Debug|Any CPU
		{EC9E7E93-9D4D-45DD-88C2-BB899C3A82E6}.Debug|Any CPU.Build.0 = Debug|Any CPU
		{EC9E7E93-9D4D-45DD-88C2-BB899C3A82E6}.Release|Any CPU.ActiveCfg = Release|Any CPU
		{EC9E7E93-9D4D-45DD-88C2-BB899C3A82E6}.Release|Any CPU.Build.0 = Release|Any CPU
		{47B36BC4-A793-47E5-9111-AD89BB078AE9}.Debug|Any CPU.ActiveCfg = Debug|Any CPU
		{47B36BC4-A793-47E5-9111-AD89BB078AE9}.Debug|Any CPU.Build.0 = Debug|Any CPU
		{47B36BC4-A793-47E5-9111-AD89BB078AE9}.Release|Any CPU.ActiveCfg = Release|Any CPU
		{47B36BC4-A793-47E5-9111-AD89BB078AE9}.Release|Any CPU.Build.0 = Release|Any CPU
	EndGlobalSection
	GlobalSection(SolutionProperties) = preSolution
		HideSolutionNode = FALSE
	EndGlobalSection
	GlobalSection(ExtensibilityGlobals) = postSolution
		SolutionGuid = {AA777A6C-0D65-4700-8547-B0F979F53D61}
	EndGlobalSection
EndGlobal
